
Microsoft Visual Studio Solution File, Format Version 12.00
# Visual Studio Version 16
VisualStudioVersion = 16.0.30413.136
MinimumVisualStudioVersion = 10.0.40219.1
Project("{8BC9CEB8-8B4A-11D0-8D11-00A0C91BC942}") = "IntroToCPP", "IntroToCPP\IntroToCPP.vcxproj", "{C284122C-6328-4A12-B095-B4A1358C8DD0}"
EndProject
Project("{8BC9CEB8-8B4A-11D0-8D11-00A0C91BC942}") = "TicTacToe", "TicTacToe\TicTacToe.vcxproj", "{4B8424C0-B7AD-4C7B-914D-0FF3F75CC48C}"
EndProject
Project("{8BC9CEB8-8B4A-11D0-8D11-00A0C91BC942}") = "Pointers", "Pointers\Pointers.vcxproj", "{F9346307-CCB1-45BB-A8C1-7E6924598435}"
EndProject
Project("{8BC9CEB8-8B4A-11D0-8D11-00A0C91BC942}") = "FileIO", "FileIO\FileIO.vcxproj", "{8FB97D27-20A7-4D0F-B43E-99FC50AE24A6}"
EndProject
Global
	GlobalSection(SolutionConfigurationPlatforms) = preSolution
		Debug|x64 = Debug|x64
		Debug|x86 = Debug|x86
		Release|x64 = Release|x64
		Release|x86 = Release|x86
	EndGlobalSection
	GlobalSection(ProjectConfigurationPlatforms) = postSolution
		{C284122C-6328-4A12-B095-B4A1358C8DD0}.Debug|x64.ActiveCfg = Debug|x64
		{C284122C-6328-4A12-B095-B4A1358C8DD0}.Debug|x64.Build.0 = Debug|x64
		{C284122C-6328-4A12-B095-B4A1358C8DD0}.Debug|x86.ActiveCfg = Debug|Win32
		{C284122C-6328-4A12-B095-B4A1358C8DD0}.Debug|x86.Build.0 = Debug|Win32
		{C284122C-6328-4A12-B095-B4A1358C8DD0}.Release|x64.ActiveCfg = Release|x64
		{C284122C-6328-4A12-B095-B4A1358C8DD0}.Release|x64.Build.0 = Release|x64
		{C284122C-6328-4A12-B095-B4A1358C8DD0}.Release|x86.ActiveCfg = Release|Win32
		{C284122C-6328-4A12-B095-B4A1358C8DD0}.Release|x86.Build.0 = Release|Win32
		{4B8424C0-B7AD-4C7B-914D-0FF3F75CC48C}.Debug|x64.ActiveCfg = Debug|x64
		{4B8424C0-B7AD-4C7B-914D-0FF3F75CC48C}.Debug|x64.Build.0 = Debug|x64
		{4B8424C0-B7AD-4C7B-914D-0FF3F75CC48C}.Debug|x86.ActiveCfg = Debug|Win32
		{4B8424C0-B7AD-4C7B-914D-0FF3F75CC48C}.Debug|x86.Build.0 = Debug|Win32
		{4B8424C0-B7AD-4C7B-914D-0FF3F75CC48C}.Release|x64.ActiveCfg = Release|x64
		{4B8424C0-B7AD-4C7B-914D-0FF3F75CC48C}.Release|x64.Build.0 = Release|x64
		{4B8424C0-B7AD-4C7B-914D-0FF3F75CC48C}.Release|x86.ActiveCfg = Release|Win32
		{4B8424C0-B7AD-4C7B-914D-0FF3F75CC48C}.Release|x86.Build.0 = Release|Win32
		{F9346307-CCB1-45BB-A8C1-7E6924598435}.Debug|x64.ActiveCfg = Debug|x64
		{F9346307-CCB1-45BB-A8C1-7E6924598435}.Debug|x64.Build.0 = Debug|x64
		{F9346307-CCB1-45BB-A8C1-7E6924598435}.Debug|x86.ActiveCfg = Debug|Win32
		{F9346307-CCB1-45BB-A8C1-7E6924598435}.Debug|x86.Build.0 = Debug|Win32
		{F9346307-CCB1-45BB-A8C1-7E6924598435}.Release|x64.ActiveCfg = Release|x64
		{F9346307-CCB1-45BB-A8C1-7E6924598435}.Release|x64.Build.0 = Release|x64
		{F9346307-CCB1-45BB-A8C1-7E6924598435}.Release|x86.ActiveCfg = Release|Win32
		{F9346307-CCB1-45BB-A8C1-7E6924598435}.Release|x86.Build.0 = Release|Win32
		{8FB97D27-20A7-4D0F-B43E-99FC50AE24A6}.Debug|x64.ActiveCfg = Debug|x64
		{8FB97D27-20A7-4D0F-B43E-99FC50AE24A6}.Debug|x64.Build.0 = Debug|x64
		{8FB97D27-20A7-4D0F-B43E-99FC50AE24A6}.Debug|x86.ActiveCfg = Debug|Win32
		{8FB97D27-20A7-4D0F-B43E-99FC50AE24A6}.Debug|x86.Build.0 = Debug|Win32
		{8FB97D27-20A7-4D0F-B43E-99FC50AE24A6}.Release|x64.ActiveCfg = Release|x64
		{8FB97D27-20A7-4D0F-B43E-99FC50AE24A6}.Release|x64.Build.0 = Release|x64
		{8FB97D27-20A7-4D0F-B43E-99FC50AE24A6}.Release|x86.ActiveCfg = Release|Win32
		{8FB97D27-20A7-4D0F-B43E-99FC50AE24A6}.Release|x86.Build.0 = Release|Win32
	EndGlobalSection
	GlobalSection(SolutionProperties) = preSolution
		HideSolutionNode = FALSE
	EndGlobalSection
	GlobalSection(ExtensibilityGlobals) = postSolution
		SolutionGuid = {6E0C1B15-2CC0-4719-B70D-1A3B2FEAF493}
	EndGlobalSection
EndGlobal
